
Microsoft Visual Studio Solution File, Format Version 12.00
# Visual Studio 15
VisualStudioVersion = 15.0.26124.0
MinimumVisualStudioVersion = 15.0.26124.0
Project("{FAE04EC0-301F-11D3-BF4B-00C04F79EFBC}") = "FinancialApi", "FinancialApi\FinancialApi.csproj", "{393ED0F1-24E4-41C3-AA70-2ADECE7EC2CA}"
EndProject
Project("{FAE04EC0-301F-11D3-BF4B-00C04F79EFBC}") = "FinancialApiUnitTests", "FinancialApi.UnitTests\FinancialApiUnitTests.csproj", "{859D75F4-B82F-42BF-A970-3C4E50116163}"
EndProject
Project("{FAE04EC0-301F-11D3-BF4B-00C04F79EFBC}") = "FinancialApi.IntegrationTests", "FinancialApi.IntegrationTests\FinancialApi.IntegrationTests.csproj", "{8702DC3E-DAF6-40A8-B5D6-7B8C6AD32686}"
EndProject
Global
	GlobalSection(SolutionConfigurationPlatforms) = preSolution
		Debug|Any CPU = Debug|Any CPU
		Debug|x64 = Debug|x64
		Debug|x86 = Debug|x86
		Release|Any CPU = Release|Any CPU
		Release|x64 = Release|x64
		Release|x86 = Release|x86
	EndGlobalSection
	GlobalSection(SolutionProperties) = preSolution
		HideSolutionNode = FALSE
	EndGlobalSection
	GlobalSection(ProjectConfigurationPlatforms) = postSolution
		{393ED0F1-24E4-41C3-AA70-2ADECE7EC2CA}.Debug|Any CPU.ActiveCfg = Debug|Any CPU
		{393ED0F1-24E4-41C3-AA70-2ADECE7EC2CA}.Debug|Any CPU.Build.0 = Debug|Any CPU
		{393ED0F1-24E4-41C3-AA70-2ADECE7EC2CA}.Debug|x64.ActiveCfg = Debug|Any CPU
		{393ED0F1-24E4-41C3-AA70-2ADECE7EC2CA}.Debug|x64.Build.0 = Debug|Any CPU
		{393ED0F1-24E4-41C3-AA70-2ADECE7EC2CA}.Debug|x86.ActiveCfg = Debug|Any CPU
		{393ED0F1-24E4-41C3-AA70-2ADECE7EC2CA}.Debug|x86.Build.0 = Debug|Any CPU
		{393ED0F1-24E4-41C3-AA70-2ADECE7EC2CA}.Release|Any CPU.ActiveCfg = Release|Any CPU
		{393ED0F1-24E4-41C3-AA70-2ADECE7EC2CA}.Release|Any CPU.Build.0 = Release|Any CPU
		{393ED0F1-24E4-41C3-AA70-2ADECE7EC2CA}.Release|x64.ActiveCfg = Release|Any CPU
		{393ED0F1-24E4-41C3-AA70-2ADECE7EC2CA}.Release|x64.Build.0 = Release|Any CPU
		{393ED0F1-24E4-41C3-AA70-2ADECE7EC2CA}.Release|x86.ActiveCfg = Release|Any CPU
		{393ED0F1-24E4-41C3-AA70-2ADECE7EC2CA}.Release|x86.Build.0 = Release|Any CPU
		{859D75F4-B82F-42BF-A970-3C4E50116163}.Debug|Any CPU.ActiveCfg = Debug|Any CPU
		{859D75F4-B82F-42BF-A970-3C4E50116163}.Debug|Any CPU.Build.0 = Debug|Any CPU
		{859D75F4-B82F-42BF-A970-3C4E50116163}.Debug|x64.ActiveCfg = Debug|Any CPU
		{859D75F4-B82F-42BF-A970-3C4E50116163}.Debug|x64.Build.0 = Debug|Any CPU
		{859D75F4-B82F-42BF-A970-3C4E50116163}.Debug|x86.ActiveCfg = Debug|Any CPU
		{859D75F4-B82F-42BF-A970-3C4E50116163}.Debug|x86.Build.0 = Debug|Any CPU
		{859D75F4-B82F-42BF-A970-3C4E50116163}.Release|Any CPU.ActiveCfg = Release|Any CPU
		{859D75F4-B82F-42BF-A970-3C4E50116163}.Release|Any CPU.Build.0 = Release|Any CPU
		{859D75F4-B82F-42BF-A970-3C4E50116163}.Release|x64.ActiveCfg = Release|Any CPU
		{859D75F4-B82F-42BF-A970-3C4E50116163}.Release|x64.Build.0 = Release|Any CPU
		{859D75F4-B82F-42BF-A970-3C4E50116163}.Release|x86.ActiveCfg = Release|Any CPU
		{859D75F4-B82F-42BF-A970-3C4E50116163}.Release|x86.Build.0 = Release|Any CPU
		{8702DC3E-DAF6-40A8-B5D6-7B8C6AD32686}.Debug|Any CPU.ActiveCfg = Debug|Any CPU
		{8702DC3E-DAF6-40A8-B5D6-7B8C6AD32686}.Debug|Any CPU.Build.0 = Debug|Any CPU
		{8702DC3E-DAF6-40A8-B5D6-7B8C6AD32686}.Debug|x64.ActiveCfg = Debug|Any CPU
		{8702DC3E-DAF6-40A8-B5D6-7B8C6AD32686}.Debug|x64.Build.0 = Debug|Any CPU
		{8702DC3E-DAF6-40A8-B5D6-7B8C6AD32686}.Debug|x86.ActiveCfg = Debug|Any CPU
		{8702DC3E-DAF6-40A8-B5D6-7B8C6AD32686}.Debug|x86.Build.0 = Debug|Any CPU
		{8702DC3E-DAF6-40A8-B5D6-7B8C6AD32686}.Release|Any CPU.ActiveCfg = Release|Any CPU
		{8702DC3E-DAF6-40A8-B5D6-7B8C6AD32686}.Release|Any CPU.Build.0 = Release|Any CPU
		{8702DC3E-DAF6-40A8-B5D6-7B8C6AD32686}.Release|x64.ActiveCfg = Release|Any CPU
		{8702DC3E-DAF6-40A8-B5D6-7B8C6AD32686}.Release|x64.Build.0 = Release|Any CPU
		{8702DC3E-DAF6-40A8-B5D6-7B8C6AD32686}.Release|x86.ActiveCfg = Release|Any CPU
		{8702DC3E-DAF6-40A8-B5D6-7B8C6AD32686}.Release|x86.Build.0 = Release|Any CPU
	EndGlobalSection
EndGlobal
